// !$*UTF8*$!
{
	archiveVersion = 1;
	classes = {
	};
	objectVersion = 50;
	objects = {

/* Begin PBXBuildFile section */
		3166DB7822248238008C9F04 /* space.jpg in Resources */ = {isa = PBXBuildFile; fileRef = 3166DB7722248238008C9F04 /* space.jpg */; };
		317C26A2221F5F6900B4F12A /* AppDelegate.swift in Sources */ = {isa = PBXBuildFile; fileRef = 317C26A1221F5F6900B4F12A /* AppDelegate.swift */; };
		317C26A4221F5F6900B4F12A /* ViewController.swift in Sources */ = {isa = PBXBuildFile; fileRef = 317C26A3221F5F6900B4F12A /* ViewController.swift */; };
		317C26A7221F5F6900B4F12A /* Main.storyboard in Resources */ = {isa = PBXBuildFile; fileRef = 317C26A5221F5F6900B4F12A /* Main.storyboard */; };
		317C26A9221F5F6A00B4F12A /* Assets.xcassets in Resources */ = {isa = PBXBuildFile; fileRef = 317C26A8221F5F6A00B4F12A /* Assets.xcassets */; };
		317C26AC221F5F6A00B4F12A /* LaunchScreen.storyboard in Resources */ = {isa = PBXBuildFile; fileRef = 317C26AA221F5F6A00B4F12A /* LaunchScreen.storyboard */; };
		317C26B7221F5F6A00B4F12A /* Number_LineTests.swift in Sources */ = {isa = PBXBuildFile; fileRef = 317C26B6221F5F6A00B4F12A /* Number_LineTests.swift */; };
		317C26C2221F5F6A00B4F12A /* Number_LineUITests.swift in Sources */ = {isa = PBXBuildFile; fileRef = 317C26C1221F5F6A00B4F12A /* Number_LineUITests.swift */; };
		317C26D0221F5FF100B4F12A /* Line.swift in Sources */ = {isa = PBXBuildFile; fileRef = 317C26CF221F5FF100B4F12A /* Line.swift */; };
/* End PBXBuildFile section */

/* Begin PBXContainerItemProxy section */
		317C26B3221F5F6A00B4F12A /* PBXContainerItemProxy */ = {
			isa = PBXContainerItemProxy;
			containerPortal = 317C2696221F5F6900B4F12A /* Project object */;
			proxyType = 1;
			remoteGlobalIDString = 317C269D221F5F6900B4F12A;
			remoteInfo = "Number Line";
		};
		317C26BE221F5F6A00B4F12A /* PBXContainerItemProxy */ = {
			isa = PBXContainerItemProxy;
			containerPortal = 317C2696221F5F6900B4F12A /* Project object */;
			proxyType = 1;
			remoteGlobalIDString = 317C269D221F5F6900B4F12A;
			remoteInfo = "Number Line";
		};
/* End PBXContainerItemProxy section */

/* Begin PBXFileReference section */
		3166DB7622247DCC008C9F04 /* background.jpg */ = {isa = PBXFileReference; lastKnownFileType = image.jpeg; path = background.jpg; sourceTree = "<group>"; };
		3166DB7722248238008C9F04 /* space.jpg */ = {isa = PBXFileReference; lastKnownFileType = image.jpeg; name = space.jpg; path = ../../space.jpg; sourceTree = "<group>"; };
		3166DB792224823A008C9F04 /* astronaut.png */ = {isa = PBXFileReference; lastKnownFileType = image.png; path = astronaut.png; sourceTree = "<group>"; };
		317C269E221F5F6900B4F12A /* Number Line.app */ = {isa = PBXFileReference; explicitFileType = wrapper.application; includeInIndex = 0; path = "Number Line.app"; sourceTree = BUILT_PRODUCTS_DIR; };
		317C26A1221F5F6900B4F12A /* AppDelegate.swift */ = {isa = PBXFileReference; lastKnownFileType = sourcecode.swift; path = AppDelegate.swift; sourceTree = "<group>"; };
		317C26A3221F5F6900B4F12A /* ViewController.swift */ = {isa = PBXFileReference; lastKnownFileType = sourcecode.swift; path = ViewController.swift; sourceTree = "<group>"; };
		317C26A6221F5F6900B4F12A /* Base */ = {isa = PBXFileReference; lastKnownFileType = file.storyboard; name = Base; path = Base.lproj/Main.storyboard; sourceTree = "<group>"; };
		317C26A8221F5F6A00B4F12A /* Assets.xcassets */ = {isa = PBXFileReference; lastKnownFileType = folder.assetcatalog; path = Assets.xcassets; sourceTree = "<group>"; };
		317C26AB221F5F6A00B4F12A /* Base */ = {isa = PBXFileReference; lastKnownFileType = file.storyboard; name = Base; path = Base.lproj/LaunchScreen.storyboard; sourceTree = "<group>"; };
		317C26AD221F5F6A00B4F12A /* Info.plist */ = {isa = PBXFileReference; lastKnownFileType = text.plist.xml; path = Info.plist; sourceTree = "<group>"; };
		317C26B2221F5F6A00B4F12A /* Number LineTests.xctest */ = {isa = PBXFileReference; explicitFileType = wrapper.cfbundle; includeInIndex = 0; path = "Number LineTests.xctest"; sourceTree = BUILT_PRODUCTS_DIR; };
		317C26B6221F5F6A00B4F12A /* Number_LineTests.swift */ = {isa = PBXFileReference; lastKnownFileType = sourcecode.swift; path = Number_LineTests.swift; sourceTree = "<group>"; };
		317C26B8221F5F6A00B4F12A /* Info.plist */ = {isa = PBXFileReference; lastKnownFileType = text.plist.xml; path = Info.plist; sourceTree = "<group>"; };
		317C26BD221F5F6A00B4F12A /* Number LineUITests.xctest */ = {isa = PBXFileReference; explicitFileType = wrapper.cfbundle; includeInIndex = 0; path = "Number LineUITests.xctest"; sourceTree = BUILT_PRODUCTS_DIR; };
		317C26C1221F5F6A00B4F12A /* Number_LineUITests.swift */ = {isa = PBXFileReference; lastKnownFileType = sourcecode.swift; path = Number_LineUITests.swift; sourceTree = "<group>"; };
		317C26C3221F5F6A00B4F12A /* Info.plist */ = {isa = PBXFileReference; lastKnownFileType = text.plist.xml; path = Info.plist; sourceTree = "<group>"; };
		317C26CF221F5FF100B4F12A /* Line.swift */ = {isa = PBXFileReference; lastKnownFileType = sourcecode.swift; path = Line.swift; sourceTree = "<group>"; };
/* End PBXFileReference section */

/* Begin PBXFrameworksBuildPhase section */
		317C269B221F5F6900B4F12A /* Frameworks */ = {
			isa = PBXFrameworksBuildPhase;
			buildActionMask = 2147483647;
			files = (
			);
			runOnlyForDeploymentPostprocessing = 0;
		};
		317C26AF221F5F6A00B4F12A /* Frameworks */ = {
			isa = PBXFrameworksBuildPhase;
			buildActionMask = 2147483647;
			files = (
			);
			runOnlyForDeploymentPostprocessing = 0;
		};
		317C26BA221F5F6A00B4F12A /* Frameworks */ = {
			isa = PBXFrameworksBuildPhase;
			buildActionMask = 2147483647;
			files = (
			);
			runOnlyForDeploymentPostprocessing = 0;
		};
/* End PBXFrameworksBuildPhase section */

/* Begin PBXGroup section */
		317C2695221F5F6900B4F12A = {
			isa = PBXGroup;
			children = (
				317C26A0221F5F6900B4F12A /* Number Line */,
				317C26B5221F5F6A00B4F12A /* Number LineTests */,
				317C26C0221F5F6A00B4F12A /* Number LineUITests */,
				317C269F221F5F6900B4F12A /* Products */,
			);
			sourceTree = "<group>";
		};
		317C269F221F5F6900B4F12A /* Products */ = {
			isa = PBXGroup;
			children = (
				317C269E221F5F6900B4F12A /* Number Line.app */,
				317C26B2221F5F6A00B4F12A /* Number LineTests.xctest */,
				317C26BD221F5F6A00B4F12A /* Number LineUITests.xctest */,
			);
			name = Products;
			sourceTree = "<group>";
		};
		317C26A0221F5F6900B4F12A /* Number Line */ = {
			isa = PBXGroup;
			children = (
				3166DB792224823A008C9F04 /* astronaut.png */,
				3166DB7722248238008C9F04 /* space.jpg */,
				3166DB7622247DCC008C9F04 /* background.jpg */,
				317C26A1221F5F6900B4F12A /* AppDelegate.swift */,
				317C26A3221F5F6900B4F12A /* ViewController.swift */,
				317C26A5221F5F6900B4F12A /* Main.storyboard */,
				317C26A8221F5F6A00B4F12A /* Assets.xcassets */,
				317C26AA221F5F6A00B4F12A /* LaunchScreen.storyboard */,
				317C26AD221F5F6A00B4F12A /* Info.plist */,
				317C26CF221F5FF100B4F12A /* Line.swift */,
			);
			path = "Number Line";
			sourceTree = "<group>";
		};
		317C26B5221F5F6A00B4F12A /* Number LineTests */ = {
			isa = PBXGroup;
			children = (
				317C26B6221F5F6A00B4F12A /* Number_LineTests.swift */,
				317C26B8221F5F6A00B4F12A /* Info.plist */,
			);
			path = "Number LineTests";
			sourceTree = "<group>";
		};
		317C26C0221F5F6A00B4F12A /* Number LineUITests */ = {
			isa = PBXGroup;
			children = (
				317C26C1221F5F6A00B4F12A /* Number_LineUITests.swift */,
				317C26C3221F5F6A00B4F12A /* Info.plist */,
			);
			path = "Number LineUITests";
			sourceTree = "<group>";
		};
/* End PBXGroup section */

/* Begin PBXNativeTarget section */
		317C269D221F5F6900B4F12A /* Number Line */ = {
			isa = PBXNativeTarget;
			buildConfigurationList = 317C26C6221F5F6A00B4F12A /* Build configuration list for PBXNativeTarget "Number Line" */;
			buildPhases = (
				317C269A221F5F6900B4F12A /* Sources */,
				317C269B221F5F6900B4F12A /* Frameworks */,
				317C269C221F5F6900B4F12A /* Resources */,
			);
			buildRules = (
			);
			dependencies = (
			);
			name = "Number Line";
			productName = "Number Line";
			productReference = 317C269E221F5F6900B4F12A /* Number Line.app */;
			productType = "com.apple.product-type.application";
		};
		317C26B1221F5F6A00B4F12A /* Number LineTests */ = {
			isa = PBXNativeTarget;
			buildConfigurationList = 317C26C9221F5F6A00B4F12A /* Build configuration list for PBXNativeTarget "Number LineTests" */;
			buildPhases = (
				317C26AE221F5F6A00B4F12A /* Sources */,
				317C26AF221F5F6A00B4F12A /* Frameworks */,
				317C26B0221F5F6A00B4F12A /* Resources */,
			);
			buildRules = (
			);
			dependencies = (
				317C26B4221F5F6A00B4F12A /* PBXTargetDependency */,
			);
			name = "Number LineTests";
			productName = "Number LineTests";
			productReference = 317C26B2221F5F6A00B4F12A /* Number LineTests.xctest */;
			productType = "com.apple.product-type.bundle.unit-test";
		};
		317C26BC221F5F6A00B4F12A /* Number LineUITests */ = {
			isa = PBXNativeTarget;
			buildConfigurationList = 317C26CC221F5F6A00B4F12A /* Build configuration list for PBXNativeTarget "Number LineUITests" */;
			buildPhases = (
				317C26B9221F5F6A00B4F12A /* Sources */,
				317C26BA221F5F6A00B4F12A /* Frameworks */,
				317C26BB221F5F6A00B4F12A /* Resources */,
			);
			buildRules = (
			);
			dependencies = (
				317C26BF221F5F6A00B4F12A /* PBXTargetDependency */,
			);
			name = "Number LineUITests";
			productName = "Number LineUITests";
			productReference = 317C26BD221F5F6A00B4F12A /* Number LineUITests.xctest */;
			productType = "com.apple.product-type.bundle.ui-testing";
		};
/* End PBXNativeTarget section */

/* Begin PBXProject section */
		317C2696221F5F6900B4F12A /* Project object */ = {
			isa = PBXProject;
			attributes = {
				LastSwiftUpdateCheck = 1010;
				LastUpgradeCheck = 1010;
				ORGANIZATIONNAME = "Tian Liu";
				TargetAttributes = {
					317C269D221F5F6900B4F12A = {
						CreatedOnToolsVersion = 10.1;
					};
					317C26B1221F5F6A00B4F12A = {
						CreatedOnToolsVersion = 10.1;
						TestTargetID = 317C269D221F5F6900B4F12A;
					};
					317C26BC221F5F6A00B4F12A = {
						CreatedOnToolsVersion = 10.1;
						TestTargetID = 317C269D221F5F6900B4F12A;
					};
				};
			};
			buildConfigurationList = 317C2699221F5F6900B4F12A /* Build configuration list for PBXProject "Number Line" */;
			compatibilityVersion = "Xcode 9.3";
			developmentRegion = en;
			hasScannedForEncodings = 0;
			knownRegions = (
				en,
				Base,
			);
			mainGroup = 317C2695221F5F6900B4F12A;
			productRefGroup = 317C269F221F5F6900B4F12A /* Products */;
			projectDirPath = "";
			projectRoot = "";
			targets = (
				317C269D221F5F6900B4F12A /* Number Line */,
				317C26B1221F5F6A00B4F12A /* Number LineTests */,
				317C26BC221F5F6A00B4F12A /* Number LineUITests */,
			);
		};
/* End PBXProject section */

/* Begin PBXResourcesBuildPhase section */
		317C269C221F5F6900B4F12A /* Resources */ = {
			isa = PBXResourcesBuildPhase;
			buildActionMask = 2147483647;
			files = (
				317C26AC221F5F6A00B4F12A /* LaunchScreen.storyboard in Resources */,
				317C26A9221F5F6A00B4F12A /* Assets.xcassets in Resources */,
				3166DB7822248238008C9F04 /* space.jpg in Resources */,
				317C26A7221F5F6900B4F12A /* Main.storyboard in Resources */,
			);
			runOnlyForDeploymentPostprocessing = 0;
		};
		317C26B0221F5F6A00B4F12A /* Resources */ = {
			isa = PBXResourcesBuildPhase;
			buildActionMask = 2147483647;
			files = (
			);
			runOnlyForDeploymentPostprocessing = 0;
		};
		317C26BB221F5F6A00B4F12A /* Resources */ = {
			isa = PBXResourcesBuildPhase;
			buildActionMask = 2147483647;
			files = (
			);
			runOnlyForDeploymentPostprocessing = 0;
		};
/* End PBXResourcesBuildPhase section */

/* Begin PBXSourcesBuildPhase section */
		317C269A221F5F6900B4F12A /* Sources */ = {
			isa = PBXSourcesBuildPhase;
			buildActionMask = 2147483647;
			files = (
				317C26D0221F5FF100B4F12A /* Line.swift in Sources */,
				317C26A4221F5F6900B4F12A /* ViewController.swift in Sources */,
				317C26A2221F5F6900B4F12A /* AppDelegate.swift in Sources */,
			);
			runOnlyForDeploymentPostprocessing = 0;
		};
		317C26AE221F5F6A00B4F12A /* Sources */ = {
			isa = PBXSourcesBuildPhase;
			buildActionMask = 2147483647;
			files = (
				317C26B7221F5F6A00B4F12A /* Number_LineTests.swift in Sources */,
			);
			runOnlyForDeploymentPostprocessing = 0;
		};
		317C26B9221F5F6A00B4F12A /* Sources */ = {
			isa = PBXSourcesBuildPhase;
			buildActionMask = 2147483647;
			files = (
				317C26C2221F5F6A00B4F12A /* Number_LineUITests.swift in Sources */,
			);
			runOnlyForDeploymentPostprocessing = 0;
		};
/* End PBXSourcesBuildPhase section */

/* Begin PBXTargetDependency section */
		317C26B4221F5F6A00B4F12A /* PBXTargetDependency */ = {
			isa = PBXTargetDependency;
			target = 317C269D221F5F6900B4F12A /* Number Line */;
			targetProxy = 317C26B3221F5F6A00B4F12A /* PBXContainerItemProxy */;
		};
		317C26BF221F5F6A00B4F12A /* PBXTargetDependency */ = {
			isa = PBXTargetDependency;
			target = 317C269D221F5F6900B4F12A /* Number Line */;
			targetProxy = 317C26BE221F5F6A00B4F12A /* PBXContainerItemProxy */;
		};
/* End PBXTargetDependency section */

/* Begin PBXVariantGroup section */
		317C26A5221F5F6900B4F12A /* Main.storyboard */ = {
			isa = PBXVariantGroup;
			children = (
				317C26A6221F5F6900B4F12A /* Base */,
			);
			name = Main.storyboard;
			sourceTree = "<group>";
		};
		317C26AA221F5F6A00B4F12A /* LaunchScreen.storyboard */ = {
			isa = PBXVariantGroup;
			children = (
				317C26AB221F5F6A00B4F12A /* Base */,
			);
			name = LaunchScreen.storyboard;
			sourceTree = "<group>";
		};
/* End PBXVariantGroup section */

/* Begin XCBuildConfiguration section */
		317C26C4221F5F6A00B4F12A /* Debug */ = {
			isa = XCBuildConfiguration;
			buildSettings = {
				ALWAYS_SEARCH_USER_PATHS = NO;
				CLANG_ANALYZER_NONNULL = YES;
				CLANG_ANALYZER_NUMBER_OBJECT_CONVERSION = YES_AGGRESSIVE;
				CLANG_CXX_LANGUAGE_STANDARD = "gnu++14";
				CLANG_CXX_LIBRARY = "libc++";
				CLANG_ENABLE_MODULES = YES;
				CLANG_ENABLE_OBJC_ARC = YES;
				CLANG_ENABLE_OBJC_WEAK = YES;
				CLANG_WARN_BLOCK_CAPTURE_AUTORELEASING = YES;
				CLANG_WARN_BOOL_CONVERSION = YES;
				CLANG_WARN_COMMA = YES;
				CLANG_WARN_CONSTANT_CONVERSION = YES;
				CLANG_WARN_DEPRECATED_OBJC_IMPLEMENTATIONS = YES;
				CLANG_WARN_DIRECT_OBJC_ISA_USAGE = YES_ERROR;
				CLANG_WARN_DOCUMENTATION_COMMENTS = YES;
				CLANG_WARN_EMPTY_BODY = YES;
				CLANG_WARN_ENUM_CONVERSION = YES;
				CLANG_WARN_INFINITE_RECURSION = YES;
				CLANG_WARN_INT_CONVERSION = YES;
				CLANG_WARN_NON_LITERAL_NULL_CONVERSION = YES;
				CLANG_WARN_OBJC_IMPLICIT_RETAIN_SELF = YES;
				CLANG_WARN_OBJC_LITERAL_CONVERSION = YES;
				CLANG_WARN_OBJC_ROOT_CLASS = YES_ERROR;
				CLANG_WARN_RANGE_LOOP_ANALYSIS = YES;
				CLANG_WARN_STRICT_PROTOTYPES = YES;
				CLANG_WARN_SUSPICIOUS_MOVE = YES;
				CLANG_WARN_UNGUARDED_AVAILABILITY = YES_AGGRESSIVE;
				CLANG_WARN_UNREACHABLE_CODE = YES;
				CLANG_WARN__DUPLICATE_METHOD_MATCH = YES;
				CODE_SIGN_IDENTITY = "iPhone Developer";
				COPY_PHASE_STRIP = NO;
				DEBUG_INFORMATION_FORMAT = dwarf;
				ENABLE_STRICT_OBJC_MSGSEND = YES;
				ENABLE_TESTABILITY = YES;
				GCC_C_LANGUAGE_STANDARD = gnu11;
				GCC_DYNAMIC_NO_PIC = NO;
				GCC_NO_COMMON_BLOCKS = YES;
				GCC_OPTIMIZATION_LEVEL = 0;
				GCC_PREPROCESSOR_DEFINITIONS = (
					"DEBUG=1",
					"$(inherited)",
				);
				GCC_WARN_64_TO_32_BIT_CONVERSION = YES;
				GCC_WARN_ABOUT_RETURN_TYPE = YES_ERROR;
				GCC_WARN_UNDECLARED_SELECTOR = YES;
				GCC_WARN_UNINITIALIZED_AUTOS = YES_AGGRESSIVE;
				GCC_WARN_UNUSED_FUNCTION = YES;
				GCC_WARN_UNUSED_VARIABLE = YES;
				IPHONEOS_DEPLOYMENT_TARGET = 12.1;
				MTL_ENABLE_DEBUG_INFO = INCLUDE_SOURCE;
				MTL_FAST_MATH = YES;
				ONLY_ACTIVE_ARCH = YES;
				SDKROOT = iphoneos;
				SWIFT_ACTIVE_COMPILATION_CONDITIONS = DEBUG;
				SWIFT_OPTIMIZATION_LEVEL = "-Onone";
			};
			name = Debug;
		};
		317C26C5221F5F6A00B4F12A /* Release */ = {
			isa = XCBuildConfiguration;
			buildSettings = {
				ALWAYS_SEARCH_USER_PATHS = NO;
				CLANG_ANALYZER_NONNULL = YES;
				CLANG_ANALYZER_NUMBER_OBJECT_CONVERSION = YES_AGGRESSIVE;
				CLANG_CXX_LANGUAGE_STANDARD = "gnu++14";
				CLANG_CXX_LIBRARY = "libc++";
				CLANG_ENABLE_MODULES = YES;
				CLANG_ENABLE_OBJC_ARC = YES;
				CLANG_ENABLE_OBJC_WEAK = YES;
				CLANG_WARN_BLOCK_CAPTURE_AUTORELEASING = YES;
				CLANG_WARN_BOOL_CONVERSION = YES;
				CLANG_WARN_COMMA = YES;
				CLANG_WARN_CONSTANT_CONVERSION = YES;
				CLANG_WARN_DEPRECATED_OBJC_IMPLEMENTATIONS = YES;
				CLANG_WARN_DIRECT_OBJC_ISA_USAGE = YES_ERROR;
				CLANG_WARN_DOCUMENTATION_COMMENTS = YES;
				CLANG_WARN_EMPTY_BODY = YES;
				CLANG_WARN_ENUM_CONVERSION = YES;
				CLANG_WARN_INFINITE_RECURSION = YES;
				CLANG_WARN_INT_CONVERSION = YES;
				CLANG_WARN_NON_LITERAL_NULL_CONVERSION = YES;
				CLANG_WARN_OBJC_IMPLICIT_RETAIN_SELF = YES;
				CLANG_WARN_OBJC_LITERAL_CONVERSION = YES;
				CLANG_WARN_OBJC_ROOT_CLASS = YES_ERROR;
				CLANG_WARN_RANGE_LOOP_ANALYSIS = YES;
				CLANG_WARN_STRICT_PROTOTYPES = YES;
				CLANG_WARN_SUSPICIOUS_MOVE = YES;
				CLANG_WARN_UNGUARDED_AVAILABILITY = YES_AGGRESSIVE;
				CLANG_WARN_UNREACHABLE_CODE = YES;
				CLANG_WARN__DUPLICATE_METHOD_MATCH = YES;
				CODE_SIGN_IDENTITY = "iPhone Developer";
				COPY_PHASE_STRIP = NO;
				DEBUG_INFORMATION_FORMAT = "dwarf-with-dsym";
				ENABLE_NS_ASSERTIONS = NO;
				ENABLE_STRICT_OBJC_MSGSEND = YES;
				GCC_C_LANGUAGE_STANDARD = gnu11;
				GCC_NO_COMMON_BLOCKS = YES;
				GCC_WARN_64_TO_32_BIT_CONVERSION = YES;
				GCC_WARN_ABOUT_RETURN_TYPE = YES_ERROR;
				GCC_WARN_UNDECLARED_SELECTOR = YES;
				GCC_WARN_UNINITIALIZED_AUTOS = YES_AGGRESSIVE;
				GCC_WARN_UNUSED_FUNCTION = YES;
				GCC_WARN_UNUSED_VARIABLE = YES;
				IPHONEOS_DEPLOYMENT_TARGET = 12.1;
				MTL_ENABLE_DEBUG_INFO = NO;
				MTL_FAST_MATH = YES;
				SDKROOT = iphoneos;
				SWIFT_COMPILATION_MODE = wholemodule;
				SWIFT_OPTIMIZATION_LEVEL = "-O";
				VALIDATE_PRODUCT = YES;
			};
			name = Release;
		};
		317C26C7221F5F6A00B4F12A /* Debug */ = {
			isa = XCBuildConfiguration;
			buildSettings = {
				ASSETCATALOG_COMPILER_APPICON_NAME = AppIcon;
				CODE_SIGN_STYLE = Automatic;
				DEVELOPMENT_TEAM = J4QZ65T39F;
				INFOPLIST_FILE = "Number Line/Info.plist";
				IPHONEOS_DEPLOYMENT_TARGET = 10.0;
				LD_RUNPATH_SEARCH_PATHS = (
					"$(inherited)",
					"@executable_path/Frameworks",
				);
				PRODUCT_BUNDLE_IDENTIFIER = com.nick.numberline;
				PRODUCT_NAME = "$(TARGET_NAME)";
				SWIFT_VERSION = 4.2;
				TARGETED_DEVICE_FAMILY = 2;
			};
			name = Debug;
		};
		317C26C8221F5F6A00B4F12A /* Release */ = {
			isa = XCBuildConfiguration;
			buildSettings = {
				ASSETCATALOG_COMPILER_APPICON_NAME = AppIcon;
				CODE_SIGN_STYLE = Automatic;
				DEVELOPMENT_TEAM = J4QZ65T39F;
				INFOPLIST_FILE = "Number Line/Info.plist";
				IPHONEOS_DEPLOYMENT_TARGET = 10.0;
				LD_RUNPATH_SEARCH_PATHS = (
					"$(inherited)",
					"@executable_path/Frameworks",
				);
				PRODUCT_BUNDLE_IDENTIFIER = com.nick.numberline;
				PRODUCT_NAME = "$(TARGET_NAME)";
				SWIFT_VERSION = 4.2;
				TARGETED_DEVICE_FAMILY = 2;
			};
			name = Release;
		};
		317C26CA221F5F6A00B4F12A /* Debug */ = {
			isa = XCBuildConfiguration;
			buildSettings = {
				ALWAYS_EMBED_SWIFT_STANDARD_LIBRARIES = YES;
				BUNDLE_LOADER = "$(TEST_HOST)";
				CODE_SIGN_STYLE = Automatic;
				INFOPLIST_FILE = "Number LineTests/Info.plist";
				LD_RUNPATH_SEARCH_PATHS = (
					"$(inherited)",
					"@executable_path/Frameworks",
					"@loader_path/Frameworks",
				);
				PRODUCT_BUNDLE_IDENTIFIER = "COMP585.Number-LineTests";
				PRODUCT_NAME = "$(TARGET_NAME)";
				SWIFT_VERSION = 4.2;
				TARGETED_DEVICE_FAMILY = "1,2";
				TEST_HOST = "$(BUILT_PRODUCTS_DIR)/Number Line.app/Number Line";
			};
			name = Debug;
		};
		317C26CB221F5F6A00B4F12A /* Release */ = {
			isa = XCBuildConfiguration;
			buildSettings = {
				ALWAYS_EMBED_SWIFT_STANDARD_LIBRARIES = YES;
				BUNDLE_LOADER = "$(TEST_HOST)";
				CODE_SIGN_STYLE = Automatic;
				INFOPLIST_FILE = "Number LineTests/Info.plist";
				LD_RUNPATH_SEARCH_PATHS = (
					"$(inherited)",
					"@executable_path/Frameworks",
					"@loader_path/Frameworks",
				);
				PRODUCT_BUNDLE_IDENTIFIER = "COMP585.Number-LineTests";
				PRODUCT_NAME = "$(TARGET_NAME)";
				SWIFT_VERSION = 4.2;
				TARGETED_DEVICE_FAMILY = "1,2";
				TEST_HOST = "$(BUILT_PRODUCTS_DIR)/Number Line.app/Number Line";
			};
			name = Release;
		};
		317C26CD221F5F6A00B4F12A /* Debug */ = {
			isa = XCBuildConfiguration;
			buildSettings = {
				ALWAYS_EMBED_SWIFT_STANDARD_LIBRARIES = YES;
				CODE_SIGN_STYLE = Automatic;
				INFOPLIST_FILE = "Number LineUITests/Info.plist";
				LD_RUNPATH_SEARCH_PATHS = (
					"$(inherited)",
					"@executable_path/Frameworks",
					"@loader_path/Frameworks",
				);
				PRODUCT_BUNDLE_IDENTIFIER = "COMP585.Number-LineUITests";
				PRODUCT_NAME = "$(TARGET_NAME)";
				SWIFT_VERSION = 4.2;
				TARGETED_DEVICE_FAMILY = "1,2";
				TEST_TARGET_NAME = "Number Line";
			};
			name = Debug;
		};
		317C26CE221F5F6A00B4F12A /* Release */ = {
			isa = XCBuildConfiguration;
			buildSettings = {
				ALWAYS_EMBED_SWIFT_STANDARD_LIBRARIES = YES;
				CODE_SIGN_STYLE = Automatic;
				INFOPLIST_FILE = "Number LineUITests/Info.plist";
				LD_RUNPATH_SEARCH_PATHS = (
					"$(inherited)",
					"@executable_path/Frameworks",
					"@loader_path/Frameworks",
				);
				PRODUCT_BUNDLE_IDENTIFIER = "COMP585.Number-LineUITests";
				PRODUCT_NAME = "$(TARGET_NAME)";
				SWIFT_VERSION = 4.2;
				TARGETED_DEVICE_FAMILY = "1,2";
				TEST_TARGET_NAME = "Number Line";
			};
			name = Release;
		};
/* End XCBuildConfiguration section */

/* Begin XCConfigurationList section */
		317C2699221F5F6900B4F12A /* Build configuration list for PBXProject "Number Line" */ = {
			isa = XCConfigurationList;
			buildConfigurations = (
				317C26C4221F5F6A00B4F12A /* Debug */,
				317C26C5221F5F6A00B4F12A /* Release */,
			);
			defaultConfigurationIsVisible = 0;
			defaultConfigurationName = Release;
		};
		317C26C6221F5F6A00B4F12A /* Build configuration list for PBXNativeTarget "Number Line" */ = {
			isa = XCConfigurationList;
			buildConfigurations = (
				317C26C7221F5F6A00B4F12A /* Debug */,
				317C26C8221F5F6A00B4F12A /* Release */,
			);
			defaultConfigurationIsVisible = 0;
			defaultConfigurationName = Release;
		};
		317C26C9221F5F6A00B4F12A /* Build configuration list for PBXNativeTarget "Number LineTests" */ = {
			isa = XCConfigurationList;
			buildConfigurations = (
				317C26CA221F5F6A00B4F12A /* Debug */,
				317C26CB221F5F6A00B4F12A /* Release */,
			);
			defaultConfigurationIsVisible = 0;
			defaultConfigurationName = Release;
		};
		317C26CC221F5F6A00B4F12A /* Build configuration list for PBXNativeTarget "Number LineUITests" */ = {
			isa = XCConfigurationList;
			buildConfigurations = (
				317C26CD221F5F6A00B4F12A /* Debug */,
				317C26CE221F5F6A00B4F12A /* Release */,
			);
			defaultConfigurationIsVisible = 0;
			defaultConfigurationName = Release;
		};
/* End XCConfigurationList section */
	};
	rootObject = 317C2696221F5F6900B4F12A /* Project object */;
}
